
Microsoft Visual Studio Solution File, Format Version 12.00
# Visual Studio Version 17
VisualStudioVersion = 17.2.32630.192
MinimumVisualStudioVersion = 10.0.40219.1
Project("{6EC3EE1D-3C4E-46DD-8F32-0CC8E7565705}") = "BlockDeviceLU", "products\BlockDeviceLU\BlockDeviceLU.fsproj", "{E38BB8ED-E5FA-4387-8E0F-05B67F4E11A9}"
	ProjectSection(ProjectDependencies) = postProject
		{25BE2216-733F-4381-AE4B-8C2110C9704C} = {25BE2216-733F-4381-AE4B-8C2110C9704C}
	EndProjectSection
EndProject
Project("{6EC3EE1D-3C4E-46DD-8F32-0CC8E7565705}") = "Commons", "products\Commons\Commons.fsproj", "{25BE2216-733F-4381-AE4B-8C2110C9704C}"
EndProject
Project("{6EC3EE1D-3C4E-46DD-8F32-0CC8E7565705}") = "SimpleMedia", "products\SimpleMedia\SimpleMedia.fsproj", "{972B12F9-58EF-4E4F-BABF-DB1329F155D6}"
EndProject
Project("{6EC3EE1D-3C4E-46DD-8F32-0CC8E7565705}") = "GenConfRW", "products\GenConfRW\GenConfRW.fsproj", "{790B319E-6266-4B19-A688-4A243176259D}"
EndProject
Project("{2150E333-8FDC-42A3-9474-1A3956D46DE8}") = "Product", "products", "{02A5BFA6-F7D4-4302-8442-740A66BD3EAA}"
EndProject
Project("{2150E333-8FDC-42A3-9474-1A3956D46DE8}") = "Test", "Test", "{D4405256-1C84-4E66-BB67-D69BE6498112}"
EndProject
Project("{6EC3EE1D-3C4E-46DD-8F32-0CC8E7565705}") = "TestCommon", "tests\TestCommon\TestCommon.fsproj", "{C9806305-533C-49E1-8FBD-ACB2C63CE8BC}"
EndProject
Project("{6EC3EE1D-3C4E-46DD-8F32-0CC8E7565705}") = "UT_GenConfRW", "tests\UT_ConfRW\UT_GenConfRW.fsproj", "{DA523F83-CF46-4993-9AB8-6C51A2C84891}"
EndProject
Project("{6EC3EE1D-3C4E-46DD-8F32-0CC8E7565705}") = "UT_BlockDeviceLU", "tests\UT_BlockDeviceLU\UT_BlockDeviceLU.fsproj", "{E2E5B897-2B82-4E93-A866-E9056A951A04}"
EndProject
Project("{6EC3EE1D-3C4E-46DD-8F32-0CC8E7565705}") = "UT_Common", "tests\UT_Common\UT_Common.fsproj", "{9D7A8AAD-0828-4B9A-A2EC-3B1EA67F6712}"
EndProject
Project("{6EC3EE1D-3C4E-46DD-8F32-0CC8E7565705}") = "UT_Media", "tests\UT_Media\UT_Media.fsproj", "{0522B606-E374-4AD3-A2EB-0A04E8FAD9CC}"
EndProject
Project("{6EC3EE1D-3C4E-46DD-8F32-0CC8E7565705}") = "UT_TargetDevice", "tests\UT_TargetDevice\UT_TargetDevice.fsproj", "{F05DE7C2-3393-491A-A717-3B35BA7E4A73}"
EndProject
Project("{6EC3EE1D-3C4E-46DD-8F32-0CC8E7565705}") = "UT_Controller", "tests\UT_Controller\UT_Controller.fsproj", "{E9B394D8-7694-4D6C-8DE5-486F41CF8889}"
EndProject
Project("{6EC3EE1D-3C4E-46DD-8F32-0CC8E7565705}") = "Controller", "products\Controller\Controller.fsproj", "{547FB33A-3DC6-4A27-9B56-DE53447C50DD}"
EndProject
Project("{6EC3EE1D-3C4E-46DD-8F32-0CC8E7565705}") = "Constants", "products\Constants\Constants.fsproj", "{3513525E-1691-4581-AD67-2DDBFC41F659}"
EndProject
Project("{6EC3EE1D-3C4E-46DD-8F32-0CC8E7565705}") = "UT_Client", "tests\UT_Client\UT_Client.fsproj", "{D40F4A81-1522-4A8F-AF8D-2BF0A614457E}"
EndProject
Project("{6EC3EE1D-3C4E-46DD-8F32-0CC8E7565705}") = "Client", "products\Client\Client.fsproj", "{747FBA1A-A1A0-4805-9063-D5C02FBA1156}"
	ProjectSection(ProjectDependencies) = postProject
		{25BE2216-733F-4381-AE4B-8C2110C9704C} = {25BE2216-733F-4381-AE4B-8C2110C9704C}
		{3513525E-1691-4581-AD67-2DDBFC41F659} = {3513525E-1691-4581-AD67-2DDBFC41F659}
	EndProjectSection
EndProject
Project("{6EC3EE1D-3C4E-46DD-8F32-0CC8E7565705}") = "ClientGUI", "products\ClientGUI\ClientGUI.fsproj", "{19AC3908-1A25-4A91-9021-553557D4AE08}"
EndProject
Project("{F2A71F9B-5D33-465A-A702-920D77279786}") = "TargetDevice", "products\TargetDevice\TargetDevice.fsproj", "{E1E4B197-CB2C-4E7B-B9DC-7C735E0553E6}"
EndProject
Project("{F2A71F9B-5D33-465A-A702-920D77279786}") = "IT_ISCSI", "tests\IT_ISCSI\IT_ISCSI.fsproj", "{A7FD1C2F-F292-4617-95E9-41339BFD8C82}"
EndProject
Project("{2150E333-8FDC-42A3-9474-1A3956D46DE8}") = "ソリューション項目", "ソリューション項目", "{2022CB0F-8BAF-F49E-0C48-8EF4C96EC109}"
	ProjectSection(SolutionItems) = preProject
		LICENSE.txt = LICENSE.txt
		README.md = README.md
	EndProjectSection
EndProject
Global
	GlobalSection(SolutionConfigurationPlatforms) = preSolution
		Debug|Any CPU = Debug|Any CPU
		Release|Any CPU = Release|Any CPU
	EndGlobalSection
	GlobalSection(ProjectConfigurationPlatforms) = postSolution
		{E38BB8ED-E5FA-4387-8E0F-05B67F4E11A9}.Debug|Any CPU.ActiveCfg = Debug|Any CPU
		{E38BB8ED-E5FA-4387-8E0F-05B67F4E11A9}.Debug|Any CPU.Build.0 = Debug|Any CPU
		{E38BB8ED-E5FA-4387-8E0F-05B67F4E11A9}.Release|Any CPU.ActiveCfg = Release|Any CPU
		{E38BB8ED-E5FA-4387-8E0F-05B67F4E11A9}.Release|Any CPU.Build.0 = Release|Any CPU
		{25BE2216-733F-4381-AE4B-8C2110C9704C}.Debug|Any CPU.ActiveCfg = Debug|Any CPU
		{25BE2216-733F-4381-AE4B-8C2110C9704C}.Debug|Any CPU.Build.0 = Debug|Any CPU
		{25BE2216-733F-4381-AE4B-8C2110C9704C}.Release|Any CPU.ActiveCfg = Release|Any CPU
		{25BE2216-733F-4381-AE4B-8C2110C9704C}.Release|Any CPU.Build.0 = Release|Any CPU
		{972B12F9-58EF-4E4F-BABF-DB1329F155D6}.Debug|Any CPU.ActiveCfg = Debug|Any CPU
		{972B12F9-58EF-4E4F-BABF-DB1329F155D6}.Debug|Any CPU.Build.0 = Debug|Any CPU
		{972B12F9-58EF-4E4F-BABF-DB1329F155D6}.Release|Any CPU.ActiveCfg = Release|Any CPU
		{972B12F9-58EF-4E4F-BABF-DB1329F155D6}.Release|Any CPU.Build.0 = Release|Any CPU
		{790B319E-6266-4B19-A688-4A243176259D}.Debug|Any CPU.ActiveCfg = Debug|Any CPU
		{790B319E-6266-4B19-A688-4A243176259D}.Debug|Any CPU.Build.0 = Debug|Any CPU
		{790B319E-6266-4B19-A688-4A243176259D}.Release|Any CPU.ActiveCfg = Release|Any CPU
		{790B319E-6266-4B19-A688-4A243176259D}.Release|Any CPU.Build.0 = Release|Any CPU
		{C9806305-533C-49E1-8FBD-ACB2C63CE8BC}.Debug|Any CPU.ActiveCfg = Debug|Any CPU
		{C9806305-533C-49E1-8FBD-ACB2C63CE8BC}.Debug|Any CPU.Build.0 = Debug|Any CPU
		{C9806305-533C-49E1-8FBD-ACB2C63CE8BC}.Release|Any CPU.ActiveCfg = Release|Any CPU
		{C9806305-533C-49E1-8FBD-ACB2C63CE8BC}.Release|Any CPU.Build.0 = Release|Any CPU
		{DA523F83-CF46-4993-9AB8-6C51A2C84891}.Debug|Any CPU.ActiveCfg = Debug|Any CPU
		{DA523F83-CF46-4993-9AB8-6C51A2C84891}.Debug|Any CPU.Build.0 = Debug|Any CPU
		{DA523F83-CF46-4993-9AB8-6C51A2C84891}.Release|Any CPU.ActiveCfg = Release|Any CPU
		{DA523F83-CF46-4993-9AB8-6C51A2C84891}.Release|Any CPU.Build.0 = Release|Any CPU
		{E2E5B897-2B82-4E93-A866-E9056A951A04}.Debug|Any CPU.ActiveCfg = Debug|Any CPU
		{E2E5B897-2B82-4E93-A866-E9056A951A04}.Debug|Any CPU.Build.0 = Debug|Any CPU
		{E2E5B897-2B82-4E93-A866-E9056A951A04}.Release|Any CPU.ActiveCfg = Release|Any CPU
		{E2E5B897-2B82-4E93-A866-E9056A951A04}.Release|Any CPU.Build.0 = Release|Any CPU
		{9D7A8AAD-0828-4B9A-A2EC-3B1EA67F6712}.Debug|Any CPU.ActiveCfg = Debug|Any CPU
		{9D7A8AAD-0828-4B9A-A2EC-3B1EA67F6712}.Debug|Any CPU.Build.0 = Debug|Any CPU
		{9D7A8AAD-0828-4B9A-A2EC-3B1EA67F6712}.Release|Any CPU.ActiveCfg = Release|Any CPU
		{9D7A8AAD-0828-4B9A-A2EC-3B1EA67F6712}.Release|Any CPU.Build.0 = Release|Any CPU
		{0522B606-E374-4AD3-A2EB-0A04E8FAD9CC}.Debug|Any CPU.ActiveCfg = Debug|Any CPU
		{0522B606-E374-4AD3-A2EB-0A04E8FAD9CC}.Debug|Any CPU.Build.0 = Debug|Any CPU
		{0522B606-E374-4AD3-A2EB-0A04E8FAD9CC}.Release|Any CPU.ActiveCfg = Release|Any CPU
		{0522B606-E374-4AD3-A2EB-0A04E8FAD9CC}.Release|Any CPU.Build.0 = Release|Any CPU
		{F05DE7C2-3393-491A-A717-3B35BA7E4A73}.Debug|Any CPU.ActiveCfg = Debug|Any CPU
		{F05DE7C2-3393-491A-A717-3B35BA7E4A73}.Debug|Any CPU.Build.0 = Debug|Any CPU
		{F05DE7C2-3393-491A-A717-3B35BA7E4A73}.Release|Any CPU.ActiveCfg = Release|Any CPU
		{F05DE7C2-3393-491A-A717-3B35BA7E4A73}.Release|Any CPU.Build.0 = Release|Any CPU
		{E9B394D8-7694-4D6C-8DE5-486F41CF8889}.Debug|Any CPU.ActiveCfg = Debug|Any CPU
		{E9B394D8-7694-4D6C-8DE5-486F41CF8889}.Debug|Any CPU.Build.0 = Debug|Any CPU
		{E9B394D8-7694-4D6C-8DE5-486F41CF8889}.Release|Any CPU.ActiveCfg = Release|Any CPU
		{E9B394D8-7694-4D6C-8DE5-486F41CF8889}.Release|Any CPU.Build.0 = Release|Any CPU
		{547FB33A-3DC6-4A27-9B56-DE53447C50DD}.Debug|Any CPU.ActiveCfg = Debug|Any CPU
		{547FB33A-3DC6-4A27-9B56-DE53447C50DD}.Debug|Any CPU.Build.0 = Debug|Any CPU
		{547FB33A-3DC6-4A27-9B56-DE53447C50DD}.Release|Any CPU.ActiveCfg = Release|Any CPU
		{547FB33A-3DC6-4A27-9B56-DE53447C50DD}.Release|Any CPU.Build.0 = Release|Any CPU
		{3513525E-1691-4581-AD67-2DDBFC41F659}.Debug|Any CPU.ActiveCfg = Debug|Any CPU
		{3513525E-1691-4581-AD67-2DDBFC41F659}.Debug|Any CPU.Build.0 = Debug|Any CPU
		{3513525E-1691-4581-AD67-2DDBFC41F659}.Release|Any CPU.ActiveCfg = Release|Any CPU
		{3513525E-1691-4581-AD67-2DDBFC41F659}.Release|Any CPU.Build.0 = Release|Any CPU
		{D40F4A81-1522-4A8F-AF8D-2BF0A614457E}.Debug|Any CPU.ActiveCfg = Debug|Any CPU
		{D40F4A81-1522-4A8F-AF8D-2BF0A614457E}.Debug|Any CPU.Build.0 = Debug|Any CPU
		{D40F4A81-1522-4A8F-AF8D-2BF0A614457E}.Release|Any CPU.ActiveCfg = Release|Any CPU
		{D40F4A81-1522-4A8F-AF8D-2BF0A614457E}.Release|Any CPU.Build.0 = Release|Any CPU
		{747FBA1A-A1A0-4805-9063-D5C02FBA1156}.Debug|Any CPU.ActiveCfg = Debug|Any CPU
		{747FBA1A-A1A0-4805-9063-D5C02FBA1156}.Debug|Any CPU.Build.0 = Debug|Any CPU
		{747FBA1A-A1A0-4805-9063-D5C02FBA1156}.Release|Any CPU.ActiveCfg = Release|Any CPU
		{747FBA1A-A1A0-4805-9063-D5C02FBA1156}.Release|Any CPU.Build.0 = Release|Any CPU
		{19AC3908-1A25-4A91-9021-553557D4AE08}.Debug|Any CPU.ActiveCfg = Debug|Any CPU
		{19AC3908-1A25-4A91-9021-553557D4AE08}.Debug|Any CPU.Build.0 = Debug|Any CPU
		{19AC3908-1A25-4A91-9021-553557D4AE08}.Release|Any CPU.ActiveCfg = Release|Any CPU
		{19AC3908-1A25-4A91-9021-553557D4AE08}.Release|Any CPU.Build.0 = Release|Any CPU
		{E1E4B197-CB2C-4E7B-B9DC-7C735E0553E6}.Debug|Any CPU.ActiveCfg = Debug|Any CPU
		{E1E4B197-CB2C-4E7B-B9DC-7C735E0553E6}.Debug|Any CPU.Build.0 = Debug|Any CPU
		{E1E4B197-CB2C-4E7B-B9DC-7C735E0553E6}.Release|Any CPU.ActiveCfg = Release|Any CPU
		{E1E4B197-CB2C-4E7B-B9DC-7C735E0553E6}.Release|Any CPU.Build.0 = Release|Any CPU
		{A7FD1C2F-F292-4617-95E9-41339BFD8C82}.Debug|Any CPU.ActiveCfg = Debug|Any CPU
		{A7FD1C2F-F292-4617-95E9-41339BFD8C82}.Debug|Any CPU.Build.0 = Debug|Any CPU
		{A7FD1C2F-F292-4617-95E9-41339BFD8C82}.Release|Any CPU.ActiveCfg = Release|Any CPU
		{A7FD1C2F-F292-4617-95E9-41339BFD8C82}.Release|Any CPU.Build.0 = Release|Any CPU
	EndGlobalSection
	GlobalSection(SolutionProperties) = preSolution
		HideSolutionNode = FALSE
	EndGlobalSection
	GlobalSection(NestedProjects) = preSolution
		{E38BB8ED-E5FA-4387-8E0F-05B67F4E11A9} = {02A5BFA6-F7D4-4302-8442-740A66BD3EAA}
		{25BE2216-733F-4381-AE4B-8C2110C9704C} = {02A5BFA6-F7D4-4302-8442-740A66BD3EAA}
		{972B12F9-58EF-4E4F-BABF-DB1329F155D6} = {02A5BFA6-F7D4-4302-8442-740A66BD3EAA}
		{790B319E-6266-4B19-A688-4A243176259D} = {02A5BFA6-F7D4-4302-8442-740A66BD3EAA}
		{C9806305-533C-49E1-8FBD-ACB2C63CE8BC} = {D4405256-1C84-4E66-BB67-D69BE6498112}
		{DA523F83-CF46-4993-9AB8-6C51A2C84891} = {D4405256-1C84-4E66-BB67-D69BE6498112}
		{E2E5B897-2B82-4E93-A866-E9056A951A04} = {D4405256-1C84-4E66-BB67-D69BE6498112}
		{9D7A8AAD-0828-4B9A-A2EC-3B1EA67F6712} = {D4405256-1C84-4E66-BB67-D69BE6498112}
		{0522B606-E374-4AD3-A2EB-0A04E8FAD9CC} = {D4405256-1C84-4E66-BB67-D69BE6498112}
		{F05DE7C2-3393-491A-A717-3B35BA7E4A73} = {D4405256-1C84-4E66-BB67-D69BE6498112}
		{E9B394D8-7694-4D6C-8DE5-486F41CF8889} = {D4405256-1C84-4E66-BB67-D69BE6498112}
		{547FB33A-3DC6-4A27-9B56-DE53447C50DD} = {02A5BFA6-F7D4-4302-8442-740A66BD3EAA}
		{3513525E-1691-4581-AD67-2DDBFC41F659} = {02A5BFA6-F7D4-4302-8442-740A66BD3EAA}
		{D40F4A81-1522-4A8F-AF8D-2BF0A614457E} = {D4405256-1C84-4E66-BB67-D69BE6498112}
		{747FBA1A-A1A0-4805-9063-D5C02FBA1156} = {02A5BFA6-F7D4-4302-8442-740A66BD3EAA}
		{19AC3908-1A25-4A91-9021-553557D4AE08} = {02A5BFA6-F7D4-4302-8442-740A66BD3EAA}
		{E1E4B197-CB2C-4E7B-B9DC-7C735E0553E6} = {02A5BFA6-F7D4-4302-8442-740A66BD3EAA}
		{A7FD1C2F-F292-4617-95E9-41339BFD8C82} = {D4405256-1C84-4E66-BB67-D69BE6498112}
	EndGlobalSection
	GlobalSection(ExtensibilityGlobals) = postSolution
		SolutionGuid = {E56B570D-AEB1-4C2E-BE10-6D3996728211}
	EndGlobalSection
EndGlobal
